
Microsoft Visual Studio Solution File, Format Version 12.00
# Visual Studio Version 16
VisualStudioVersion = 16.0.29709.97
MinimumVisualStudioVersion = 10.0.40219.1
Project("{9A19103F-16F7-4668-BE54-9A1E7A4F7556}") = "RuuviCore", "RuuviCore\RuuviCore.csproj", "{466F1C31-F0DE-4A53-8FC2-BB1BD0158443}"
EndProject
Project("{9A19103F-16F7-4668-BE54-9A1E7A4F7556}") = "Grains", "Grains\Grains.csproj", "{D09CC947-1AE9-44B2-AB5B-56C8683BCC98}"
EndProject
Project("{9A19103F-16F7-4668-BE54-9A1E7A4F7556}") = "GrainInterfaces", "GrainInterfaces\GrainInterfaces.csproj", "{B2CCA80D-EE84-4B9E-8E7E-C8D38E3413C2}"
EndProject
Project("{9A19103F-16F7-4668-BE54-9A1E7A4F7556}") = "RuuviConfig", "RuuviConfig\RuuviConfig.csproj", "{D9F8AC23-4A01-49FA-B1C2-60A922F63E1F}"
EndProject
Project("{9A19103F-16F7-4668-BE54-9A1E7A4F7556}") = "FileStorageProvider", "FileStorageProvider\FileStorageProvider.csproj", "{9BAC98D2-7ECE-417E-B30D-FEEFC7DC2B81}"
EndProject
Project("{9A19103F-16F7-4668-BE54-9A1E7A4F7556}") = "GrainServices", "GrainServices\GrainServices.csproj", "{107CC42D-8414-4AAC-95E4-5921ECD189A3}"
EndProject
Project("{FAE04EC0-301F-11D3-BF4B-00C04F79EFBC}") = "Common", "Common\Common.csproj", "{A2F3B9E2-9E86-4583-9A21-71E1597343E7}"
EndProject
Project("{FAE04EC0-301F-11D3-BF4B-00C04F79EFBC}") = "UnitTests", "UnitTests\UnitTests.csproj", "{453D575A-B7B1-4E15-B94C-5464B287072A}"
EndProject
Global
	GlobalSection(SolutionConfigurationPlatforms) = preSolution
		Debug|Any CPU = Debug|Any CPU
		Release|Any CPU = Release|Any CPU
	EndGlobalSection
	GlobalSection(ProjectConfigurationPlatforms) = postSolution
		{466F1C31-F0DE-4A53-8FC2-BB1BD0158443}.Debug|Any CPU.ActiveCfg = Debug|Any CPU
		{466F1C31-F0DE-4A53-8FC2-BB1BD0158443}.Debug|Any CPU.Build.0 = Debug|Any CPU
		{466F1C31-F0DE-4A53-8FC2-BB1BD0158443}.Release|Any CPU.ActiveCfg = Release|Any CPU
		{466F1C31-F0DE-4A53-8FC2-BB1BD0158443}.Release|Any CPU.Build.0 = Release|Any CPU
		{D09CC947-1AE9-44B2-AB5B-56C8683BCC98}.Debug|Any CPU.ActiveCfg = Debug|Any CPU
		{D09CC947-1AE9-44B2-AB5B-56C8683BCC98}.Debug|Any CPU.Build.0 = Debug|Any CPU
		{D09CC947-1AE9-44B2-AB5B-56C8683BCC98}.Release|Any CPU.ActiveCfg = Release|Any CPU
		{D09CC947-1AE9-44B2-AB5B-56C8683BCC98}.Release|Any CPU.Build.0 = Release|Any CPU
		{B2CCA80D-EE84-4B9E-8E7E-C8D38E3413C2}.Debug|Any CPU.ActiveCfg = Debug|Any CPU
		{B2CCA80D-EE84-4B9E-8E7E-C8D38E3413C2}.Debug|Any CPU.Build.0 = Debug|Any CPU
		{B2CCA80D-EE84-4B9E-8E7E-C8D38E3413C2}.Release|Any CPU.ActiveCfg = Release|Any CPU
		{B2CCA80D-EE84-4B9E-8E7E-C8D38E3413C2}.Release|Any CPU.Build.0 = Release|Any CPU
		{D9F8AC23-4A01-49FA-B1C2-60A922F63E1F}.Debug|Any CPU.ActiveCfg = Debug|Any CPU
		{D9F8AC23-4A01-49FA-B1C2-60A922F63E1F}.Debug|Any CPU.Build.0 = Debug|Any CPU
		{D9F8AC23-4A01-49FA-B1C2-60A922F63E1F}.Release|Any CPU.ActiveCfg = Release|Any CPU
		{D9F8AC23-4A01-49FA-B1C2-60A922F63E1F}.Release|Any CPU.Build.0 = Release|Any CPU
		{9BAC98D2-7ECE-417E-B30D-FEEFC7DC2B81}.Debug|Any CPU.ActiveCfg = Debug|Any CPU
		{9BAC98D2-7ECE-417E-B30D-FEEFC7DC2B81}.Debug|Any CPU.Build.0 = Debug|Any CPU
		{9BAC98D2-7ECE-417E-B30D-FEEFC7DC2B81}.Release|Any CPU.ActiveCfg = Release|Any CPU
		{9BAC98D2-7ECE-417E-B30D-FEEFC7DC2B81}.Release|Any CPU.Build.0 = Release|Any CPU
		{107CC42D-8414-4AAC-95E4-5921ECD189A3}.Debug|Any CPU.ActiveCfg = Debug|Any CPU
		{107CC42D-8414-4AAC-95E4-5921ECD189A3}.Debug|Any CPU.Build.0 = Debug|Any CPU
		{107CC42D-8414-4AAC-95E4-5921ECD189A3}.Release|Any CPU.ActiveCfg = Release|Any CPU
		{107CC42D-8414-4AAC-95E4-5921ECD189A3}.Release|Any CPU.Build.0 = Release|Any CPU
		{A2F3B9E2-9E86-4583-9A21-71E1597343E7}.Debug|Any CPU.ActiveCfg = Debug|Any CPU
		{A2F3B9E2-9E86-4583-9A21-71E1597343E7}.Debug|Any CPU.Build.0 = Debug|Any CPU
		{A2F3B9E2-9E86-4583-9A21-71E1597343E7}.Release|Any CPU.ActiveCfg = Release|Any CPU
		{A2F3B9E2-9E86-4583-9A21-71E1597343E7}.Release|Any CPU.Build.0 = Release|Any CPU
		{453D575A-B7B1-4E15-B94C-5464B287072A}.Debug|Any CPU.ActiveCfg = Debug|Any CPU
		{453D575A-B7B1-4E15-B94C-5464B287072A}.Debug|Any CPU.Build.0 = Debug|Any CPU
		{453D575A-B7B1-4E15-B94C-5464B287072A}.Release|Any CPU.ActiveCfg = Release|Any CPU
		{453D575A-B7B1-4E15-B94C-5464B287072A}.Release|Any CPU.Build.0 = Release|Any CPU
	EndGlobalSection
	GlobalSection(SolutionProperties) = preSolution
		HideSolutionNode = FALSE
	EndGlobalSection
	GlobalSection(ExtensibilityGlobals) = postSolution
		SolutionGuid = {50A00FF0-C30D-49ED-AAB5-0FE23B169AFD}
	EndGlobalSection
EndGlobal
